{
  "name": "@writetome51/array-get-copy",
  "version": "2.0.0",
  "lockfileVersion": 1,
  "requires": true,
  "dependencies": {
    "@writetome51/array-get-merged-arrays": {
      "version": "2.0.0",
      "resolved": "https://registry.npmjs.org/@writetome51/array-get-merged-arrays/-/array-get-merged-arrays-2.0.0.tgz",
      "integrity": "sha512-o3TU1tMEXobp0mxbxnuFzB1/GcKOKad8w4QSITONnTw8FTxSd/dlF0A9ukshdMariSDCy06nlUdm9V9hOecQcA==",
      "requires": {
        "error-if-not-array": "^2.0.0"
      }
    },
    "error-if-not-array": {
      "version": "2.0.0",
      "resolved": "https://registry.npmjs.org/error-if-not-array/-/error-if-not-array-2.0.0.tgz",
      "integrity": "sha512-kBAYpWy9xGjELgGqmS2QPbRJPXfacAxBwgitXIwMEglY0p3C2p4++sf3uDszXaDoy4cwgGrFj+FkthsxQFh/ag=="
    }
  }
}
